
Microsoft Visual Studio Solution File, Format Version 12.00
# Visual Studio Version 17
VisualStudioVersion = 17.14.36408.4 d17.14
MinimumVisualStudioVersion = 10.0.40219.1
Project("{FAE04EC0-301F-11D3-BF4B-00C04F79EFBC}") = "WeatherApi", "WeatherApi.csproj", "{BC0DE1BE-66BA-4013-BB6E-8C5EDA7589A8}"
EndProject
Global
	GlobalSection(SolutionConfigurationPlatforms) = preSolution
		Debug|Any CPU = Debug|Any CPU
		Release|Any CPU = Release|Any CPU
	EndGlobalSection
	GlobalSection(ProjectConfigurationPlatforms) = postSolution
		{BC0DE1BE-66BA-4013-BB6E-8C5EDA7589A8}.Debug|Any CPU.ActiveCfg = Debug|Any CPU
		{BC0DE1BE-66BA-4013-BB6E-8C5EDA7589A8}.Debug|Any CPU.Build.0 = Debug|Any CPU
		{BC0DE1BE-66BA-4013-BB6E-8C5EDA7589A8}.Release|Any CPU.ActiveCfg = Release|Any CPU
		{BC0DE1BE-66BA-4013-BB6E-8C5EDA7589A8}.Release|Any CPU.Build.0 = Release|Any CPU
	EndGlobalSection
	GlobalSection(SolutionProperties) = preSolution
		HideSolutionNode = FALSE
	EndGlobalSection
	GlobalSection(ExtensibilityGlobals) = postSolution
		SolutionGuid = {FAF522E0-F454-4D31-9280-EC7A99DB0A77}
	EndGlobalSection
EndGlobal
